// !$*UTF8*$!
{
	archiveVersion = 1;
	classes = {
	};
	objectVersion = 56;
	objects = {

/* Begin PBXBuildFile section */
		DE3D4C002C5AD31700DE9864 /* Router.swift in Sources */ = {isa = PBXBuildFile; fileRef = DE3D4BFF2C5AD31700DE9864 /* Router.swift */; };
		DE7388272C5A1A26008DDAEC /* Programmatic_NavigationApp.swift in Sources */ = {isa = PBXBuildFile; fileRef = DE7388262C5A1A26008DDAEC /* Programmatic_NavigationApp.swift */; };
		DE7388292C5A1A26008DDAEC /* ContentView.swift in Sources */ = {isa = PBXBuildFile; fileRef = DE7388282C5A1A26008DDAEC /* ContentView.swift */; };
		DE73882B2C5A1A27008DDAEC /* Assets.xcassets in Resources */ = {isa = PBXBuildFile; fileRef = DE73882A2C5A1A27008DDAEC /* Assets.xcassets */; };
		DE73882E2C5A1A27008DDAEC /* Preview Assets.xcassets in Resources */ = {isa = PBXBuildFile; fileRef = DE73882D2C5A1A27008DDAEC /* Preview Assets.xcassets */; };
		DE7388382C5A1B04008DDAEC /* Todo.swift in Sources */ = {isa = PBXBuildFile; fileRef = DE7388372C5A1B04008DDAEC /* Todo.swift */; };
		DE73883A2C5A1B39008DDAEC /* Post.swift in Sources */ = {isa = PBXBuildFile; fileRef = DE7388392C5A1B39008DDAEC /* Post.swift */; };
		DE73883F2C5A1B93008DDAEC /* TodoListView.swift in Sources */ = {isa = PBXBuildFile; fileRef = DE73883D2C5A1B93008DDAEC /* TodoListView.swift */; };
		DE7388402C5A1B93008DDAEC /* TodoDetailView.swift in Sources */ = {isa = PBXBuildFile; fileRef = DE73883E2C5A1B93008DDAEC /* TodoDetailView.swift */; };
		DE7388432C5A1BBB008DDAEC /* PostDetailView.swift in Sources */ = {isa = PBXBuildFile; fileRef = DE7388412C5A1BBB008DDAEC /* PostDetailView.swift */; };
		DE7388442C5A1BBB008DDAEC /* PostListView.swift in Sources */ = {isa = PBXBuildFile; fileRef = DE7388422C5A1BBB008DDAEC /* PostListView.swift */; };
		DE7388492C5A1CE4008DDAEC /* SettingsView.swift in Sources */ = {isa = PBXBuildFile; fileRef = DE7388482C5A1CE4008DDAEC /* SettingsView.swift */; };
		DE73884C2C5A1D7C008DDAEC /* Lottie in Frameworks */ = {isa = PBXBuildFile; productRef = DE73884B2C5A1D7C008DDAEC /* Lottie */; };
		DE73884F2C5A1E33008DDAEC /* CustomView.swift in Sources */ = {isa = PBXBuildFile; fileRef = DE73884E2C5A1E33008DDAEC /* CustomView.swift */; };
		DE7388522C5A1ED9008DDAEC /* animation.json in Resources */ = {isa = PBXBuildFile; fileRef = DE7388512C5A1ED9008DDAEC /* animation.json */; };
/* End PBXBuildFile section */

/* Begin PBXFileReference section */
		DE3D4BFF2C5AD31700DE9864 /* Router.swift */ = {isa = PBXFileReference; lastKnownFileType = sourcecode.swift; path = Router.swift; sourceTree = "<group>"; };
		DE7388232C5A1A26008DDAEC /* Programmatic Navigation.app */ = {isa = PBXFileReference; explicitFileType = wrapper.application; includeInIndex = 0; path = "Programmatic Navigation.app"; sourceTree = BUILT_PRODUCTS_DIR; };
		DE7388262C5A1A26008DDAEC /* Programmatic_NavigationApp.swift */ = {isa = PBXFileReference; lastKnownFileType = sourcecode.swift; path = Programmatic_NavigationApp.swift; sourceTree = "<group>"; };
		DE7388282C5A1A26008DDAEC /* ContentView.swift */ = {isa = PBXFileReference; lastKnownFileType = sourcecode.swift; path = ContentView.swift; sourceTree = "<group>"; };
		DE73882A2C5A1A27008DDAEC /* Assets.xcassets */ = {isa = PBXFileReference; lastKnownFileType = folder.assetcatalog; path = Assets.xcassets; sourceTree = "<group>"; };
		DE73882D2C5A1A27008DDAEC /* Preview Assets.xcassets */ = {isa = PBXFileReference; lastKnownFileType = folder.assetcatalog; path = "Preview Assets.xcassets"; sourceTree = "<group>"; };
		DE7388372C5A1B04008DDAEC /* Todo.swift */ = {isa = PBXFileReference; lastKnownFileType = sourcecode.swift; path = Todo.swift; sourceTree = "<group>"; };
		DE7388392C5A1B39008DDAEC /* Post.swift */ = {isa = PBXFileReference; lastKnownFileType = sourcecode.swift; path = Post.swift; sourceTree = "<group>"; };
		DE73883D2C5A1B93008DDAEC /* TodoListView.swift */ = {isa = PBXFileReference; fileEncoding = 4; lastKnownFileType = sourcecode.swift; path = TodoListView.swift; sourceTree = "<group>"; };
		DE73883E2C5A1B93008DDAEC /* TodoDetailView.swift */ = {isa = PBXFileReference; fileEncoding = 4; lastKnownFileType = sourcecode.swift; path = TodoDetailView.swift; sourceTree = "<group>"; };
		DE7388412C5A1BBB008DDAEC /* PostDetailView.swift */ = {isa = PBXFileReference; fileEncoding = 4; lastKnownFileType = sourcecode.swift; path = PostDetailView.swift; sourceTree = "<group>"; };
		DE7388422C5A1BBB008DDAEC /* PostListView.swift */ = {isa = PBXFileReference; fileEncoding = 4; lastKnownFileType = sourcecode.swift; path = PostListView.swift; sourceTree = "<group>"; };
		DE7388482C5A1CE4008DDAEC /* SettingsView.swift */ = {isa = PBXFileReference; lastKnownFileType = sourcecode.swift; path = SettingsView.swift; sourceTree = "<group>"; };
		DE73884E2C5A1E33008DDAEC /* CustomView.swift */ = {isa = PBXFileReference; lastKnownFileType = sourcecode.swift; path = CustomView.swift; sourceTree = "<group>"; };
		DE7388512C5A1ED9008DDAEC /* animation.json */ = {isa = PBXFileReference; fileEncoding = 4; lastKnownFileType = text.json; path = animation.json; sourceTree = "<group>"; };
/* End PBXFileReference section */

/* Begin PBXFrameworksBuildPhase section */
		DE7388202C5A1A26008DDAEC /* Frameworks */ = {
			isa = PBXFrameworksBuildPhase;
			buildActionMask = 2147483647;
			files = (
				DE73884C2C5A1D7C008DDAEC /* Lottie in Frameworks */,
			);
			runOnlyForDeploymentPostprocessing = 0;
		};
/* End PBXFrameworksBuildPhase section */

/* Begin PBXGroup section */
		DE73881A2C5A1A26008DDAEC = {
			isa = PBXGroup;
			children = (
				DE7388252C5A1A26008DDAEC /* Programmatic Navigation */,
				DE7388242C5A1A26008DDAEC /* Products */,
			);
			sourceTree = "<group>";
		};
		DE7388242C5A1A26008DDAEC /* Products */ = {
			isa = PBXGroup;
			children = (
				DE7388232C5A1A26008DDAEC /* Programmatic Navigation.app */,
			);
			name = Products;
			sourceTree = "<group>";
		};
		DE7388252C5A1A26008DDAEC /* Programmatic Navigation */ = {
			isa = PBXGroup;
			children = (
				DE7388352C5A1A77008DDAEC /* Model */,
				DE7388342C5A1A71008DDAEC /* View */,
				DE7388282C5A1A26008DDAEC /* ContentView.swift */,
				DE7388502C5A1EA9008DDAEC /* Resources */,
				DE7388262C5A1A26008DDAEC /* Programmatic_NavigationApp.swift */,
				DE73882C2C5A1A27008DDAEC /* Preview Content */,
				DE3D4BFF2C5AD31700DE9864 /* Router.swift */,
			);
			path = "Programmatic Navigation";
			sourceTree = "<group>";
		};
		DE73882C2C5A1A27008DDAEC /* Preview Content */ = {
			isa = PBXGroup;
			children = (
				DE73882D2C5A1A27008DDAEC /* Preview Assets.xcassets */,
			);
			path = "Preview Content";
			sourceTree = "<group>";
		};
		DE7388342C5A1A71008DDAEC /* View */ = {
			isa = PBXGroup;
			children = (
				DE73884D2C5A1E26008DDAEC /* Custom */,
				DE7388472C5A1CC2008DDAEC /* Settings */,
				DE73883C2C5A1B6E008DDAEC /* Post */,
				DE73883B2C5A1B65008DDAEC /* Todo */,
			);
			path = View;
			sourceTree = "<group>";
		};
		DE7388352C5A1A77008DDAEC /* Model */ = {
			isa = PBXGroup;
			children = (
				DE7388372C5A1B04008DDAEC /* Todo.swift */,
				DE7388392C5A1B39008DDAEC /* Post.swift */,
			);
			path = Model;
			sourceTree = "<group>";
		};
		DE73883B2C5A1B65008DDAEC /* Todo */ = {
			isa = PBXGroup;
			children = (
				DE73883E2C5A1B93008DDAEC /* TodoDetailView.swift */,
				DE73883D2C5A1B93008DDAEC /* TodoListView.swift */,
			);
			path = Todo;
			sourceTree = "<group>";
		};
		DE73883C2C5A1B6E008DDAEC /* Post */ = {
			isa = PBXGroup;
			children = (
				DE7388412C5A1BBB008DDAEC /* PostDetailView.swift */,
				DE7388422C5A1BBB008DDAEC /* PostListView.swift */,
			);
			path = Post;
			sourceTree = "<group>";
		};
		DE7388472C5A1CC2008DDAEC /* Settings */ = {
			isa = PBXGroup;
			children = (
				DE7388482C5A1CE4008DDAEC /* SettingsView.swift */,
			);
			path = Settings;
			sourceTree = "<group>";
		};
		DE73884D2C5A1E26008DDAEC /* Custom */ = {
			isa = PBXGroup;
			children = (
				DE73884E2C5A1E33008DDAEC /* CustomView.swift */,
			);
			path = Custom;
			sourceTree = "<group>";
		};
		DE7388502C5A1EA9008DDAEC /* Resources */ = {
			isa = PBXGroup;
			children = (
				DE73882A2C5A1A27008DDAEC /* Assets.xcassets */,
				DE7388512C5A1ED9008DDAEC /* animation.json */,
			);
			path = Resources;
			sourceTree = "<group>";
		};
/* End PBXGroup section */

/* Begin PBXNativeTarget section */
		DE7388222C5A1A26008DDAEC /* Programmatic Navigation */ = {
			isa = PBXNativeTarget;
			buildConfigurationList = DE7388312C5A1A27008DDAEC /* Build configuration list for PBXNativeTarget "Programmatic Navigation" */;
			buildPhases = (
				DE73881F2C5A1A26008DDAEC /* Sources */,
				DE7388202C5A1A26008DDAEC /* Frameworks */,
				DE7388212C5A1A26008DDAEC /* Resources */,
			);
			buildRules = (
			);
			dependencies = (
			);
			name = "Programmatic Navigation";
			packageProductDependencies = (
				DE73884B2C5A1D7C008DDAEC /* Lottie */,
			);
			productName = "Programmatic Navigation";
			productReference = DE7388232C5A1A26008DDAEC /* Programmatic Navigation.app */;
			productType = "com.apple.product-type.application";
		};
/* End PBXNativeTarget section */

/* Begin PBXProject section */
		DE73881B2C5A1A26008DDAEC /* Project object */ = {
			isa = PBXProject;
			attributes = {
				BuildIndependentTargetsInParallel = 1;
				LastSwiftUpdateCheck = 1540;
				LastUpgradeCheck = 1540;
				TargetAttributes = {
					DE7388222C5A1A26008DDAEC = {
						CreatedOnToolsVersion = 15.4;
					};
				};
			};
			buildConfigurationList = DE73881E2C5A1A26008DDAEC /* Build configuration list for PBXProject "Programmatic Navigation" */;
			compatibilityVersion = "Xcode 14.0";
			developmentRegion = en;
			hasScannedForEncodings = 0;
			knownRegions = (
				en,
				Base,
			);
			mainGroup = DE73881A2C5A1A26008DDAEC;
			packageReferences = (
				DE73884A2C5A1D7C008DDAEC /* XCRemoteSwiftPackageReference "lottie-spm" */,
			);
			productRefGroup = DE7388242C5A1A26008DDAEC /* Products */;
			projectDirPath = "";
			projectRoot = "";
			targets = (
				DE7388222C5A1A26008DDAEC /* Programmatic Navigation */,
			);
		};
/* End PBXProject section */

/* Begin PBXResourcesBuildPhase section */
		DE7388212C5A1A26008DDAEC /* Resources */ = {
			isa = PBXResourcesBuildPhase;
			buildActionMask = 2147483647;
			files = (
				DE73882E2C5A1A27008DDAEC /* Preview Assets.xcassets in Resources */,
				DE7388522C5A1ED9008DDAEC /* animation.json in Resources */,
				DE73882B2C5A1A27008DDAEC /* Assets.xcassets in Resources */,
			);
			runOnlyForDeploymentPostprocessing = 0;
		};
/* End PBXResourcesBuildPhase section */

/* Begin PBXSourcesBuildPhase section */
		DE73881F2C5A1A26008DDAEC /* Sources */ = {
			isa = PBXSourcesBuildPhase;
			buildActionMask = 2147483647;
			files = (
				DE3D4C002C5AD31700DE9864 /* Router.swift in Sources */,
				DE7388292C5A1A26008DDAEC /* ContentView.swift in Sources */,
				DE7388402C5A1B93008DDAEC /* TodoDetailView.swift in Sources */,
				DE7388442C5A1BBB008DDAEC /* PostListView.swift in Sources */,
				DE7388382C5A1B04008DDAEC /* Todo.swift in Sources */,
				DE7388492C5A1CE4008DDAEC /* SettingsView.swift in Sources */,
				DE73884F2C5A1E33008DDAEC /* CustomView.swift in Sources */,
				DE73883F2C5A1B93008DDAEC /* TodoListView.swift in Sources */,
				DE7388432C5A1BBB008DDAEC /* PostDetailView.swift in Sources */,
				DE7388272C5A1A26008DDAEC /* Programmatic_NavigationApp.swift in Sources */,
				DE73883A2C5A1B39008DDAEC /* Post.swift in Sources */,
			);
			runOnlyForDeploymentPostprocessing = 0;
		};
/* End PBXSourcesBuildPhase section */

/* Begin XCBuildConfiguration section */
		DE73882F2C5A1A27008DDAEC /* Debug */ = {
			isa = XCBuildConfiguration;
			buildSettings = {
				ALWAYS_SEARCH_USER_PATHS = NO;
				ASSETCATALOG_COMPILER_GENERATE_SWIFT_ASSET_SYMBOL_EXTENSIONS = YES;
				CLANG_ANALYZER_NONNULL = YES;
				CLANG_ANALYZER_NUMBER_OBJECT_CONVERSION = YES_AGGRESSIVE;
				CLANG_CXX_LANGUAGE_STANDARD = "gnu++20";
				CLANG_ENABLE_MODULES = YES;
				CLANG_ENABLE_OBJC_ARC = YES;
				CLANG_ENABLE_OBJC_WEAK = YES;
				CLANG_WARN_BLOCK_CAPTURE_AUTORELEASING = YES;
				CLANG_WARN_BOOL_CONVERSION = YES;
				CLANG_WARN_COMMA = YES;
				CLANG_WARN_CONSTANT_CONVERSION = YES;
				CLANG_WARN_DEPRECATED_OBJC_IMPLEMENTATIONS = YES;
				CLANG_WARN_DIRECT_OBJC_ISA_USAGE = YES_ERROR;
				CLANG_WARN_DOCUMENTATION_COMMENTS = YES;
				CLANG_WARN_EMPTY_BODY = YES;
				CLANG_WARN_ENUM_CONVERSION = YES;
				CLANG_WARN_INFINITE_RECURSION = YES;
				CLANG_WARN_INT_CONVERSION = YES;
				CLANG_WARN_NON_LITERAL_NULL_CONVERSION = YES;
				CLANG_WARN_OBJC_IMPLICIT_RETAIN_SELF = YES;
				CLANG_WARN_OBJC_LITERAL_CONVERSION = YES;
				CLANG_WARN_OBJC_ROOT_CLASS = YES_ERROR;
				CLANG_WARN_QUOTED_INCLUDE_IN_FRAMEWORK_HEADER = YES;
				CLANG_WARN_RANGE_LOOP_ANALYSIS = YES;
				CLANG_WARN_STRICT_PROTOTYPES = YES;
				CLANG_WARN_SUSPICIOUS_MOVE = YES;
				CLANG_WARN_UNGUARDED_AVAILABILITY = YES_AGGRESSIVE;
				CLANG_WARN_UNREACHABLE_CODE = YES;
				CLANG_WARN__DUPLICATE_METHOD_MATCH = YES;
				COPY_PHASE_STRIP = NO;
				DEBUG_INFORMATION_FORMAT = dwarf;
				ENABLE_STRICT_OBJC_MSGSEND = YES;
				ENABLE_TESTABILITY = YES;
				ENABLE_USER_SCRIPT_SANDBOXING = YES;
				GCC_C_LANGUAGE_STANDARD = gnu17;
				GCC_DYNAMIC_NO_PIC = NO;
				GCC_NO_COMMON_BLOCKS = YES;
				GCC_OPTIMIZATION_LEVEL = 0;
				GCC_PREPROCESSOR_DEFINITIONS = (
					"DEBUG=1",
					"$(inherited)",
				);
				GCC_WARN_64_TO_32_BIT_CONVERSION = YES;
				GCC_WARN_ABOUT_RETURN_TYPE = YES_ERROR;
				GCC_WARN_UNDECLARED_SELECTOR = YES;
				GCC_WARN_UNINITIALIZED_AUTOS = YES_AGGRESSIVE;
				GCC_WARN_UNUSED_FUNCTION = YES;
				GCC_WARN_UNUSED_VARIABLE = YES;
				IPHONEOS_DEPLOYMENT_TARGET = 17.5;
				LOCALIZATION_PREFERS_STRING_CATALOGS = YES;
				MTL_ENABLE_DEBUG_INFO = INCLUDE_SOURCE;
				MTL_FAST_MATH = YES;
				ONLY_ACTIVE_ARCH = YES;
				SDKROOT = iphoneos;
				SWIFT_ACTIVE_COMPILATION_CONDITIONS = "DEBUG $(inherited)";
				SWIFT_OPTIMIZATION_LEVEL = "-Onone";
			};
			name = Debug;
		};
		DE7388302C5A1A27008DDAEC /* Release */ = {
			isa = XCBuildConfiguration;
			buildSettings = {
				ALWAYS_SEARCH_USER_PATHS = NO;
				ASSETCATALOG_COMPILER_GENERATE_SWIFT_ASSET_SYMBOL_EXTENSIONS = YES;
				CLANG_ANALYZER_NONNULL = YES;
				CLANG_ANALYZER_NUMBER_OBJECT_CONVERSION = YES_AGGRESSIVE;
				CLANG_CXX_LANGUAGE_STANDARD = "gnu++20";
				CLANG_ENABLE_MODULES = YES;
				CLANG_ENABLE_OBJC_ARC = YES;
				CLANG_ENABLE_OBJC_WEAK = YES;
				CLANG_WARN_BLOCK_CAPTURE_AUTORELEASING = YES;
				CLANG_WARN_BOOL_CONVERSION = YES;
				CLANG_WARN_COMMA = YES;
				CLANG_WARN_CONSTANT_CONVERSION = YES;
				CLANG_WARN_DEPRECATED_OBJC_IMPLEMENTATIONS = YES;
				CLANG_WARN_DIRECT_OBJC_ISA_USAGE = YES_ERROR;
				CLANG_WARN_DOCUMENTATION_COMMENTS = YES;
				CLANG_WARN_EMPTY_BODY = YES;
				CLANG_WARN_ENUM_CONVERSION = YES;
				CLANG_WARN_INFINITE_RECURSION = YES;
				CLANG_WARN_INT_CONVERSION = YES;
				CLANG_WARN_NON_LITERAL_NULL_CONVERSION = YES;
				CLANG_WARN_OBJC_IMPLICIT_RETAIN_SELF = YES;
				CLANG_WARN_OBJC_LITERAL_CONVERSION = YES;
				CLANG_WARN_OBJC_ROOT_CLASS = YES_ERROR;
				CLANG_WARN_QUOTED_INCLUDE_IN_FRAMEWORK_HEADER = YES;
				CLANG_WARN_RANGE_LOOP_ANALYSIS = YES;
				CLANG_WARN_STRICT_PROTOTYPES = YES;
				CLANG_WARN_SUSPICIOUS_MOVE = YES;
				CLANG_WARN_UNGUARDED_AVAILABILITY = YES_AGGRESSIVE;
				CLANG_WARN_UNREACHABLE_CODE = YES;
				CLANG_WARN__DUPLICATE_METHOD_MATCH = YES;
				COPY_PHASE_STRIP = NO;
				DEBUG_INFORMATION_FORMAT = "dwarf-with-dsym";
				ENABLE_NS_ASSERTIONS = NO;
				ENABLE_STRICT_OBJC_MSGSEND = YES;
				ENABLE_USER_SCRIPT_SANDBOXING = YES;
				GCC_C_LANGUAGE_STANDARD = gnu17;
				GCC_NO_COMMON_BLOCKS = YES;
				GCC_WARN_64_TO_32_BIT_CONVERSION = YES;
				GCC_WARN_ABOUT_RETURN_TYPE = YES_ERROR;
				GCC_WARN_UNDECLARED_SELECTOR = YES;
				GCC_WARN_UNINITIALIZED_AUTOS = YES_AGGRESSIVE;
				GCC_WARN_UNUSED_FUNCTION = YES;
				GCC_WARN_UNUSED_VARIABLE = YES;
				IPHONEOS_DEPLOYMENT_TARGET = 17.5;
				LOCALIZATION_PREFERS_STRING_CATALOGS = YES;
				MTL_ENABLE_DEBUG_INFO = NO;
				MTL_FAST_MATH = YES;
				SDKROOT = iphoneos;
				SWIFT_COMPILATION_MODE = wholemodule;
				VALIDATE_PRODUCT = YES;
			};
			name = Release;
		};
		DE7388322C5A1A27008DDAEC /* Debug */ = {
			isa = XCBuildConfiguration;
			buildSettings = {
				ASSETCATALOG_COMPILER_APPICON_NAME = AppIcon;
				ASSETCATALOG_COMPILER_GLOBAL_ACCENT_COLOR_NAME = AccentColor;
				CODE_SIGN_STYLE = Automatic;
				CURRENT_PROJECT_VERSION = 1;
				DEVELOPMENT_ASSET_PATHS = "\"Programmatic Navigation/Preview Content\"";
				DEVELOPMENT_TEAM = 5RM3B24YU6;
				ENABLE_PREVIEWS = YES;
				GENERATE_INFOPLIST_FILE = YES;
				INFOPLIST_KEY_UIApplicationSceneManifest_Generation = YES;
				INFOPLIST_KEY_UIApplicationSupportsIndirectInputEvents = YES;
				INFOPLIST_KEY_UILaunchScreen_Generation = YES;
				INFOPLIST_KEY_UISupportedInterfaceOrientations_iPad = "UIInterfaceOrientationPortrait UIInterfaceOrientationPortraitUpsideDown UIInterfaceOrientationLandscapeLeft UIInterfaceOrientationLandscapeRight";
				INFOPLIST_KEY_UISupportedInterfaceOrientations_iPhone = "UIInterfaceOrientationPortrait UIInterfaceOrientationLandscapeLeft UIInterfaceOrientationLandscapeRight";
				LD_RUNPATH_SEARCH_PATHS = (
					"$(inherited)",
					"@executable_path/Frameworks",
				);
				MARKETING_VERSION = 1.0;
				PRODUCT_BUNDLE_IDENTIFIER = "com.yuumamobile.Programmatic-Navigation";
				PRODUCT_NAME = "$(TARGET_NAME)";
				SWIFT_EMIT_LOC_STRINGS = YES;
				SWIFT_VERSION = 5.0;
				TARGETED_DEVICE_FAMILY = "1,2";
			};
			name = Debug;
		};
		DE7388332C5A1A27008DDAEC /* Release */ = {
			isa = XCBuildConfiguration;
			buildSettings = {
				ASSETCATALOG_COMPILER_APPICON_NAME = AppIcon;
				ASSETCATALOG_COMPILER_GLOBAL_ACCENT_COLOR_NAME = AccentColor;
				CODE_SIGN_STYLE = Automatic;
				CURRENT_PROJECT_VERSION = 1;
				DEVELOPMENT_ASSET_PATHS = "\"Programmatic Navigation/Preview Content\"";
				DEVELOPMENT_TEAM = 5RM3B24YU6;
				ENABLE_PREVIEWS = YES;
				GENERATE_INFOPLIST_FILE = YES;
				INFOPLIST_KEY_UIApplicationSceneManifest_Generation = YES;
				INFOPLIST_KEY_UIApplicationSupportsIndirectInputEvents = YES;
				INFOPLIST_KEY_UILaunchScreen_Generation = YES;
				INFOPLIST_KEY_UISupportedInterfaceOrientations_iPad = "UIInterfaceOrientationPortrait UIInterfaceOrientationPortraitUpsideDown UIInterfaceOrientationLandscapeLeft UIInterfaceOrientationLandscapeRight";
				INFOPLIST_KEY_UISupportedInterfaceOrientations_iPhone = "UIInterfaceOrientationPortrait UIInterfaceOrientationLandscapeLeft UIInterfaceOrientationLandscapeRight";
				LD_RUNPATH_SEARCH_PATHS = (
					"$(inherited)",
					"@executable_path/Frameworks",
				);
				MARKETING_VERSION = 1.0;
				PRODUCT_BUNDLE_IDENTIFIER = "com.yuumamobile.Programmatic-Navigation";
				PRODUCT_NAME = "$(TARGET_NAME)";
				SWIFT_EMIT_LOC_STRINGS = YES;
				SWIFT_VERSION = 5.0;
				TARGETED_DEVICE_FAMILY = "1,2";
			};
			name = Release;
		};
/* End XCBuildConfiguration section */

/* Begin XCConfigurationList section */
		DE73881E2C5A1A26008DDAEC /* Build configuration list for PBXProject "Programmatic Navigation" */ = {
			isa = XCConfigurationList;
			buildConfigurations = (
				DE73882F2C5A1A27008DDAEC /* Debug */,
				DE7388302C5A1A27008DDAEC /* Release */,
			);
			defaultConfigurationIsVisible = 0;
			defaultConfigurationName = Release;
		};
		DE7388312C5A1A27008DDAEC /* Build configuration list for PBXNativeTarget "Programmatic Navigation" */ = {
			isa = XCConfigurationList;
			buildConfigurations = (
				DE7388322C5A1A27008DDAEC /* Debug */,
				DE7388332C5A1A27008DDAEC /* Release */,
			);
			defaultConfigurationIsVisible = 0;
			defaultConfigurationName = Release;
		};
/* End XCConfigurationList section */

/* Begin XCRemoteSwiftPackageReference section */
		DE73884A2C5A1D7C008DDAEC /* XCRemoteSwiftPackageReference "lottie-spm" */ = {
			isa = XCRemoteSwiftPackageReference;
			repositoryURL = "https://github.com/airbnb/lottie-spm.git";
			requirement = {
				kind = upToNextMajorVersion;
				minimumVersion = 4.5.0;
			};
		};
/* End XCRemoteSwiftPackageReference section */

/* Begin XCSwiftPackageProductDependency section */
		DE73884B2C5A1D7C008DDAEC /* Lottie */ = {
			isa = XCSwiftPackageProductDependency;
			package = DE73884A2C5A1D7C008DDAEC /* XCRemoteSwiftPackageReference "lottie-spm" */;
			productName = Lottie;
		};
/* End XCSwiftPackageProductDependency section */
	};
	rootObject = DE73881B2C5A1A26008DDAEC /* Project object */;
}
